
Microsoft Visual Studio Solution File, Format Version 12.00
# Visual Studio Version 17
VisualStudioVersion = 17.0.32126.317
MinimumVisualStudioVersion = 10.0.40219.1
Project("{FAE04EC0-301F-11D3-BF4B-00C04F79EFBC}") = "composer", "composer\composer.csproj", "{BD67FAA2-B3C1-4967-A255-3A5A0FE2E218}"
EndProject
Global
	GlobalSection(SolutionConfigurationPlatforms) = preSolution
		Debug|Any CPU = Debug|Any CPU
		Release|Any CPU = Release|Any CPU
	EndGlobalSection
	GlobalSection(ProjectConfigurationPlatforms) = postSolution
		{BD67FAA2-B3C1-4967-A255-3A5A0FE2E218}.Debug|Any CPU.ActiveCfg = Debug|Any CPU
		{BD67FAA2-B3C1-4967-A255-3A5A0FE2E218}.Debug|Any CPU.Build.0 = Debug|Any CPU
		{BD67FAA2-B3C1-4967-A255-3A5A0FE2E218}.Release|Any CPU.ActiveCfg = Release|Any CPU
		{BD67FAA2-B3C1-4967-A255-3A5A0FE2E218}.Release|Any CPU.Build.0 = Release|Any CPU
	EndGlobalSection
	GlobalSection(SolutionProperties) = preSolution
		HideSolutionNode = FALSE
	EndGlobalSection
	GlobalSection(ExtensibilityGlobals) = postSolution
		SolutionGuid = {6CF33B2B-4510-49B4-A1F0-C4781D6B5502}
	EndGlobalSection
EndGlobal
